
Microsoft Visual Studio Solution File, Format Version 12.00
# Visual Studio Version 17
VisualStudioVersion = 17.3.32825.248
MinimumVisualStudioVersion = 10.0.40219.1
Project("{FAE04EC0-301F-11D3-BF4B-00C04F79EFBC}") = "pooAnimaisdDeEstimacao", "pooAnimaisdDeEstimacao\pooAnimaisdDeEstimacao.csproj", "{BC46D70C-C606-42CC-8A30-22620351E5EC}"
EndProject
Global
	GlobalSection(SolutionConfigurationPlatforms) = preSolution
		Debug|Any CPU = Debug|Any CPU
		Release|Any CPU = Release|Any CPU
	EndGlobalSection
	GlobalSection(ProjectConfigurationPlatforms) = postSolution
		{BC46D70C-C606-42CC-8A30-22620351E5EC}.Debug|Any CPU.ActiveCfg = Debug|Any CPU
		{BC46D70C-C606-42CC-8A30-22620351E5EC}.Debug|Any CPU.Build.0 = Debug|Any CPU
		{BC46D70C-C606-42CC-8A30-22620351E5EC}.Release|Any CPU.ActiveCfg = Release|Any CPU
		{BC46D70C-C606-42CC-8A30-22620351E5EC}.Release|Any CPU.Build.0 = Release|Any CPU
	EndGlobalSection
	GlobalSection(SolutionProperties) = preSolution
		HideSolutionNode = FALSE
	EndGlobalSection
	GlobalSection(ExtensibilityGlobals) = postSolution
		SolutionGuid = {7DF9D776-BAE9-44C6-B46A-BBBB04E80320}
	EndGlobalSection
EndGlobal
