
Microsoft Visual Studio Solution File, Format Version 12.00
# Visual Studio Version 17
VisualStudioVersion = 17.3.32825.248
MinimumVisualStudioVersion = 10.0.40219.1
Project("{FAE04EC0-301F-11D3-BF4B-00C04F79EFBC}") = "CalculoArea", "CalculoArea\CalculoArea.csproj", "{83919436-3375-4250-A941-4E54500B5444}"
EndProject
Global
	GlobalSection(SolutionConfigurationPlatforms) = preSolution
		Debug|Any CPU = Debug|Any CPU
		Release|Any CPU = Release|Any CPU
	EndGlobalSection
	GlobalSection(ProjectConfigurationPlatforms) = postSolution
		{83919436-3375-4250-A941-4E54500B5444}.Debug|Any CPU.ActiveCfg = Debug|Any CPU
		{83919436-3375-4250-A941-4E54500B5444}.Debug|Any CPU.Build.0 = Debug|Any CPU
		{83919436-3375-4250-A941-4E54500B5444}.Release|Any CPU.ActiveCfg = Release|Any CPU
		{83919436-3375-4250-A941-4E54500B5444}.Release|Any CPU.Build.0 = Release|Any CPU
	EndGlobalSection
	GlobalSection(SolutionProperties) = preSolution
		HideSolutionNode = FALSE
	EndGlobalSection
	GlobalSection(ExtensibilityGlobals) = postSolution
		SolutionGuid = {9DA0F15D-B0EF-4CED-A8DC-CDAC99AB8978}
	EndGlobalSection
EndGlobal
